
Microsoft Visual Studio Solution File, Format Version 12.00
# Visual Studio Version 17
VisualStudioVersion = 17.12.35707.178
MinimumVisualStudioVersion = 10.0.40219.1
Project("{FAE04EC0-301F-11D3-BF4B-00C04F79EFBC}") = "Demos", "Demos\Demos.csproj", "{3B544BE4-BBE4-477E-9607-686516B3CB75}"
EndProject
Project("{FAE04EC0-301F-11D3-BF4B-00C04F79EFBC}") = "ObjetHeritage", "ObjetHeritage\ObjetHeritage.csproj", "{74EEFAC5-F02E-454A-A8CD-3B6AA09EF5D0}"
EndProject
Project("{FAE04EC0-301F-11D3-BF4B-00C04F79EFBC}") = "ClassesAbstraites", "ClassesAbstraites\ClassesAbstraites.csproj", "{7AB435D2-780A-4696-A35F-C1FAD761D750}"
EndProject
Project("{FAE04EC0-301F-11D3-BF4B-00C04F79EFBC}") = "Equals et GetHashCode", "Equals_et_GetHashCode\Equals et GetHashCode.csproj", "{249EB8F3-6A84-45B9-B024-8F60D1B9AB3B}"
EndProject
Project("{FAE04EC0-301F-11D3-BF4B-00C04F79EFBC}") = "ExempleCollections", "ExempleCollections\ExempleCollections.csproj", "{28F19F19-181B-483F-BD04-D6315B65D329}"
EndProject
Project("{FAE04EC0-301F-11D3-BF4B-00C04F79EFBC}") = "ExempleGenericite", "ExempleGenericite\ExempleGenericite.csproj", "{21B5A780-F467-4BD6-A54F-420DA299CE29}"
EndProject
Global
	GlobalSection(SolutionConfigurationPlatforms) = preSolution
		Debug|Any CPU = Debug|Any CPU
		Release|Any CPU = Release|Any CPU
	EndGlobalSection
	GlobalSection(ProjectConfigurationPlatforms) = postSolution
		{3B544BE4-BBE4-477E-9607-686516B3CB75}.Debug|Any CPU.ActiveCfg = Debug|Any CPU
		{3B544BE4-BBE4-477E-9607-686516B3CB75}.Debug|Any CPU.Build.0 = Debug|Any CPU
		{3B544BE4-BBE4-477E-9607-686516B3CB75}.Release|Any CPU.ActiveCfg = Release|Any CPU
		{3B544BE4-BBE4-477E-9607-686516B3CB75}.Release|Any CPU.Build.0 = Release|Any CPU
		{74EEFAC5-F02E-454A-A8CD-3B6AA09EF5D0}.Debug|Any CPU.ActiveCfg = Debug|Any CPU
		{74EEFAC5-F02E-454A-A8CD-3B6AA09EF5D0}.Debug|Any CPU.Build.0 = Debug|Any CPU
		{74EEFAC5-F02E-454A-A8CD-3B6AA09EF5D0}.Release|Any CPU.ActiveCfg = Release|Any CPU
		{74EEFAC5-F02E-454A-A8CD-3B6AA09EF5D0}.Release|Any CPU.Build.0 = Release|Any CPU
		{7AB435D2-780A-4696-A35F-C1FAD761D750}.Debug|Any CPU.ActiveCfg = Debug|Any CPU
		{7AB435D2-780A-4696-A35F-C1FAD761D750}.Debug|Any CPU.Build.0 = Debug|Any CPU
		{7AB435D2-780A-4696-A35F-C1FAD761D750}.Release|Any CPU.ActiveCfg = Release|Any CPU
		{7AB435D2-780A-4696-A35F-C1FAD761D750}.Release|Any CPU.Build.0 = Release|Any CPU
		{249EB8F3-6A84-45B9-B024-8F60D1B9AB3B}.Debug|Any CPU.ActiveCfg = Debug|Any CPU
		{249EB8F3-6A84-45B9-B024-8F60D1B9AB3B}.Debug|Any CPU.Build.0 = Debug|Any CPU
		{249EB8F3-6A84-45B9-B024-8F60D1B9AB3B}.Release|Any CPU.ActiveCfg = Release|Any CPU
		{249EB8F3-6A84-45B9-B024-8F60D1B9AB3B}.Release|Any CPU.Build.0 = Release|Any CPU
		{28F19F19-181B-483F-BD04-D6315B65D329}.Debug|Any CPU.ActiveCfg = Debug|Any CPU
		{28F19F19-181B-483F-BD04-D6315B65D329}.Debug|Any CPU.Build.0 = Debug|Any CPU
		{28F19F19-181B-483F-BD04-D6315B65D329}.Release|Any CPU.ActiveCfg = Release|Any CPU
		{28F19F19-181B-483F-BD04-D6315B65D329}.Release|Any CPU.Build.0 = Release|Any CPU
		{21B5A780-F467-4BD6-A54F-420DA299CE29}.Debug|Any CPU.ActiveCfg = Debug|Any CPU
		{21B5A780-F467-4BD6-A54F-420DA299CE29}.Debug|Any CPU.Build.0 = Debug|Any CPU
		{21B5A780-F467-4BD6-A54F-420DA299CE29}.Release|Any CPU.ActiveCfg = Release|Any CPU
		{21B5A780-F467-4BD6-A54F-420DA299CE29}.Release|Any CPU.Build.0 = Release|Any CPU
	EndGlobalSection
	GlobalSection(SolutionProperties) = preSolution
		HideSolutionNode = FALSE
	EndGlobalSection
EndGlobal
